// !$*UTF8*$!
{
	archiveVersion = 1;
	classes = {
	};
	objectVersion = 56;
	objects = {

/* Begin PBXBuildFile section */
		CBBA1ABB2996287900B65DF6 /* AppDelegate.swift in Sources */ = {isa = PBXBuildFile; fileRef = CBBA1ABA2996287900B65DF6 /* AppDelegate.swift */; };
		CBBA1ABD2996287900B65DF6 /* SceneDelegate.swift in Sources */ = {isa = PBXBuildFile; fileRef = CBBA1ABC2996287900B65DF6 /* SceneDelegate.swift */; };
		CBBA1ABF2996287900B65DF6 /* ToDoListViewController.swift in Sources */ = {isa = PBXBuildFile; fileRef = CBBA1ABE2996287900B65DF6 /* ToDoListViewController.swift */; };
		CBBA1AC22996287900B65DF6 /* Main.storyboard in Resources */ = {isa = PBXBuildFile; fileRef = CBBA1AC02996287900B65DF6 /* Main.storyboard */; };
		CBBA1AC42996287B00B65DF6 /* Assets.xcassets in Resources */ = {isa = PBXBuildFile; fileRef = CBBA1AC32996287B00B65DF6 /* Assets.xcassets */; };
		CBBA1AC72996287B00B65DF6 /* LaunchScreen.storyboard in Resources */ = {isa = PBXBuildFile; fileRef = CBBA1AC52996287B00B65DF6 /* LaunchScreen.storyboard */; };
		CBBA1AD22996287B00B65DF6 /* TodoeyTests.swift in Sources */ = {isa = PBXBuildFile; fileRef = CBBA1AD12996287B00B65DF6 /* TodoeyTests.swift */; };
		CBBA1ADC2996287B00B65DF6 /* TodoeyUITests.swift in Sources */ = {isa = PBXBuildFile; fileRef = CBBA1ADB2996287B00B65DF6 /* TodoeyUITests.swift */; };
		CBBA1ADE2996287B00B65DF6 /* TodoeyUITestsLaunchTests.swift in Sources */ = {isa = PBXBuildFile; fileRef = CBBA1ADD2996287B00B65DF6 /* TodoeyUITestsLaunchTests.swift */; };
		CBEBF293299787E800F5F72D /* DataModel.xcdatamodeld in Sources */ = {isa = PBXBuildFile; fileRef = CBEBF291299787E800F5F72D /* DataModel.xcdatamodeld */; };
		CBEBF2B82998175100F5F72D /* CategoryViewController.swift in Sources */ = {isa = PBXBuildFile; fileRef = CBEBF2B72998175100F5F72D /* CategoryViewController.swift */; };
/* End PBXBuildFile section */

/* Begin PBXContainerItemProxy section */
		CBBA1ACE2996287B00B65DF6 /* PBXContainerItemProxy */ = {
			isa = PBXContainerItemProxy;
			containerPortal = CBBA1AAF2996287900B65DF6 /* Project object */;
			proxyType = 1;
			remoteGlobalIDString = CBBA1AB62996287900B65DF6;
			remoteInfo = Todoey;
		};
		CBBA1AD82996287B00B65DF6 /* PBXContainerItemProxy */ = {
			isa = PBXContainerItemProxy;
			containerPortal = CBBA1AAF2996287900B65DF6 /* Project object */;
			proxyType = 1;
			remoteGlobalIDString = CBBA1AB62996287900B65DF6;
			remoteInfo = Todoey;
		};
/* End PBXContainerItemProxy section */

/* Begin PBXFileReference section */
		CBBA1AB72996287900B65DF6 /* Todoey.app */ = {isa = PBXFileReference; explicitFileType = wrapper.application; includeInIndex = 0; path = Todoey.app; sourceTree = BUILT_PRODUCTS_DIR; };
		CBBA1ABA2996287900B65DF6 /* AppDelegate.swift */ = {isa = PBXFileReference; lastKnownFileType = sourcecode.swift; path = AppDelegate.swift; sourceTree = "<group>"; };
		CBBA1ABC2996287900B65DF6 /* SceneDelegate.swift */ = {isa = PBXFileReference; lastKnownFileType = sourcecode.swift; path = SceneDelegate.swift; sourceTree = "<group>"; };
		CBBA1ABE2996287900B65DF6 /* ToDoListViewController.swift */ = {isa = PBXFileReference; lastKnownFileType = sourcecode.swift; path = ToDoListViewController.swift; sourceTree = "<group>"; };
		CBBA1AC12996287900B65DF6 /* Base */ = {isa = PBXFileReference; lastKnownFileType = file.storyboard; name = Base; path = Base.lproj/Main.storyboard; sourceTree = "<group>"; };
		CBBA1AC32996287B00B65DF6 /* Assets.xcassets */ = {isa = PBXFileReference; lastKnownFileType = folder.assetcatalog; path = Assets.xcassets; sourceTree = "<group>"; };
		CBBA1AC62996287B00B65DF6 /* Base */ = {isa = PBXFileReference; lastKnownFileType = file.storyboard; name = Base; path = Base.lproj/LaunchScreen.storyboard; sourceTree = "<group>"; };
		CBBA1AC82996287B00B65DF6 /* Info.plist */ = {isa = PBXFileReference; lastKnownFileType = text.plist.xml; path = Info.plist; sourceTree = "<group>"; };
		CBBA1ACD2996287B00B65DF6 /* TodoeyTests.xctest */ = {isa = PBXFileReference; explicitFileType = wrapper.cfbundle; includeInIndex = 0; path = TodoeyTests.xctest; sourceTree = BUILT_PRODUCTS_DIR; };
		CBBA1AD12996287B00B65DF6 /* TodoeyTests.swift */ = {isa = PBXFileReference; lastKnownFileType = sourcecode.swift; path = TodoeyTests.swift; sourceTree = "<group>"; };
		CBBA1AD72996287B00B65DF6 /* TodoeyUITests.xctest */ = {isa = PBXFileReference; explicitFileType = wrapper.cfbundle; includeInIndex = 0; path = TodoeyUITests.xctest; sourceTree = BUILT_PRODUCTS_DIR; };
		CBBA1ADB2996287B00B65DF6 /* TodoeyUITests.swift */ = {isa = PBXFileReference; lastKnownFileType = sourcecode.swift; path = TodoeyUITests.swift; sourceTree = "<group>"; };
		CBBA1ADD2996287B00B65DF6 /* TodoeyUITestsLaunchTests.swift */ = {isa = PBXFileReference; lastKnownFileType = sourcecode.swift; path = TodoeyUITestsLaunchTests.swift; sourceTree = "<group>"; };
		CBEBF292299787E800F5F72D /* DataModel.xcdatamodel */ = {isa = PBXFileReference; lastKnownFileType = wrapper.xcdatamodel; path = DataModel.xcdatamodel; sourceTree = "<group>"; };
		CBEBF2B72998175100F5F72D /* CategoryViewController.swift */ = {isa = PBXFileReference; lastKnownFileType = sourcecode.swift; path = CategoryViewController.swift; sourceTree = "<group>"; };
/* End PBXFileReference section */

/* Begin PBXFrameworksBuildPhase section */
		CBBA1AB42996287900B65DF6 /* Frameworks */ = {
			isa = PBXFrameworksBuildPhase;
			buildActionMask = 2147483647;
			files = (
			);
			runOnlyForDeploymentPostprocessing = 0;
		};
		CBBA1ACA2996287B00B65DF6 /* Frameworks */ = {
			isa = PBXFrameworksBuildPhase;
			buildActionMask = 2147483647;
			files = (
			);
			runOnlyForDeploymentPostprocessing = 0;
		};
		CBBA1AD42996287B00B65DF6 /* Frameworks */ = {
			isa = PBXFrameworksBuildPhase;
			buildActionMask = 2147483647;
			files = (
			);
			runOnlyForDeploymentPostprocessing = 0;
		};
/* End PBXFrameworksBuildPhase section */

/* Begin PBXGroup section */
		CBBA1AAE2996287900B65DF6 = {
			isa = PBXGroup;
			children = (
				CBBA1AB92996287900B65DF6 /* Todoey */,
				CBBA1AD02996287B00B65DF6 /* TodoeyTests */,
				CBBA1ADA2996287B00B65DF6 /* TodoeyUITests */,
				CBBA1AB82996287900B65DF6 /* Products */,
			);
			sourceTree = "<group>";
		};
		CBBA1AB82996287900B65DF6 /* Products */ = {
			isa = PBXGroup;
			children = (
				CBBA1AB72996287900B65DF6 /* Todoey.app */,
				CBBA1ACD2996287B00B65DF6 /* TodoeyTests.xctest */,
				CBBA1AD72996287B00B65DF6 /* TodoeyUITests.xctest */,
			);
			name = Products;
			sourceTree = "<group>";
		};
		CBBA1AB92996287900B65DF6 /* Todoey */ = {
			isa = PBXGroup;
			children = (
				CBBA1ABA2996287900B65DF6 /* AppDelegate.swift */,
				CBBA1ABC2996287900B65DF6 /* SceneDelegate.swift */,
				CBBA1ABE2996287900B65DF6 /* ToDoListViewController.swift */,
				CBEBF2B72998175100F5F72D /* CategoryViewController.swift */,
				CBEBF291299787E800F5F72D /* DataModel.xcdatamodeld */,
				CBBA1AC02996287900B65DF6 /* Main.storyboard */,
				CBBA1AC32996287B00B65DF6 /* Assets.xcassets */,
				CBBA1AC52996287B00B65DF6 /* LaunchScreen.storyboard */,
				CBBA1AC82996287B00B65DF6 /* Info.plist */,
			);
			path = Todoey;
			sourceTree = "<group>";
		};
		CBBA1AD02996287B00B65DF6 /* TodoeyTests */ = {
			isa = PBXGroup;
			children = (
				CBBA1AD12996287B00B65DF6 /* TodoeyTests.swift */,
			);
			path = TodoeyTests;
			sourceTree = "<group>";
		};
		CBBA1ADA2996287B00B65DF6 /* TodoeyUITests */ = {
			isa = PBXGroup;
			children = (
				CBBA1ADB2996287B00B65DF6 /* TodoeyUITests.swift */,
				CBBA1ADD2996287B00B65DF6 /* TodoeyUITestsLaunchTests.swift */,
			);
			path = TodoeyUITests;
			sourceTree = "<group>";
		};
/* End PBXGroup section */

/* Begin PBXNativeTarget section */
		CBBA1AB62996287900B65DF6 /* Todoey */ = {
			isa = PBXNativeTarget;
			buildConfigurationList = CBBA1AE12996287B00B65DF6 /* Build configuration list for PBXNativeTarget "Todoey" */;
			buildPhases = (
				CBBA1AB32996287900B65DF6 /* Sources */,
				CBBA1AB42996287900B65DF6 /* Frameworks */,
				CBBA1AB52996287900B65DF6 /* Resources */,
			);
			buildRules = (
			);
			dependencies = (
			);
			name = Todoey;
			productName = Todoey;
			productReference = CBBA1AB72996287900B65DF6 /* Todoey.app */;
			productType = "com.apple.product-type.application";
		};
		CBBA1ACC2996287B00B65DF6 /* TodoeyTests */ = {
			isa = PBXNativeTarget;
			buildConfigurationList = CBBA1AE42996287B00B65DF6 /* Build configuration list for PBXNativeTarget "TodoeyTests" */;
			buildPhases = (
				CBBA1AC92996287B00B65DF6 /* Sources */,
				CBBA1ACA2996287B00B65DF6 /* Frameworks */,
				CBBA1ACB2996287B00B65DF6 /* Resources */,
			);
			buildRules = (
			);
			dependencies = (
				CBBA1ACF2996287B00B65DF6 /* PBXTargetDependency */,
			);
			name = TodoeyTests;
			productName = TodoeyTests;
			productReference = CBBA1ACD2996287B00B65DF6 /* TodoeyTests.xctest */;
			productType = "com.apple.product-type.bundle.unit-test";
		};
		CBBA1AD62996287B00B65DF6 /* TodoeyUITests */ = {
			isa = PBXNativeTarget;
			buildConfigurationList = CBBA1AE72996287B00B65DF6 /* Build configuration list for PBXNativeTarget "TodoeyUITests" */;
			buildPhases = (
				CBBA1AD32996287B00B65DF6 /* Sources */,
				CBBA1AD42996287B00B65DF6 /* Frameworks */,
				CBBA1AD52996287B00B65DF6 /* Resources */,
			);
			buildRules = (
			);
			dependencies = (
				CBBA1AD92996287B00B65DF6 /* PBXTargetDependency */,
			);
			name = TodoeyUITests;
			productName = TodoeyUITests;
			productReference = CBBA1AD72996287B00B65DF6 /* TodoeyUITests.xctest */;
			productType = "com.apple.product-type.bundle.ui-testing";
		};
/* End PBXNativeTarget section */

/* Begin PBXProject section */
		CBBA1AAF2996287900B65DF6 /* Project object */ = {
			isa = PBXProject;
			attributes = {
				BuildIndependentTargetsInParallel = 1;
				LastSwiftUpdateCheck = 1420;
				LastUpgradeCheck = 1420;
				TargetAttributes = {
					CBBA1AB62996287900B65DF6 = {
						CreatedOnToolsVersion = 14.2;
					};
					CBBA1ACC2996287B00B65DF6 = {
						CreatedOnToolsVersion = 14.2;
						TestTargetID = CBBA1AB62996287900B65DF6;
					};
					CBBA1AD62996287B00B65DF6 = {
						CreatedOnToolsVersion = 14.2;
						TestTargetID = CBBA1AB62996287900B65DF6;
					};
				};
			};
			buildConfigurationList = CBBA1AB22996287900B65DF6 /* Build configuration list for PBXProject "Todoey" */;
			compatibilityVersion = "Xcode 14.0";
			developmentRegion = en;
			hasScannedForEncodings = 0;
			knownRegions = (
				en,
				Base,
			);
			mainGroup = CBBA1AAE2996287900B65DF6;
			productRefGroup = CBBA1AB82996287900B65DF6 /* Products */;
			projectDirPath = "";
			projectRoot = "";
			targets = (
				CBBA1AB62996287900B65DF6 /* Todoey */,
				CBBA1ACC2996287B00B65DF6 /* TodoeyTests */,
				CBBA1AD62996287B00B65DF6 /* TodoeyUITests */,
			);
		};
/* End PBXProject section */

/* Begin PBXResourcesBuildPhase section */
		CBBA1AB52996287900B65DF6 /* Resources */ = {
			isa = PBXResourcesBuildPhase;
			buildActionMask = 2147483647;
			files = (
				CBBA1AC72996287B00B65DF6 /* LaunchScreen.storyboard in Resources */,
				CBBA1AC42996287B00B65DF6 /* Assets.xcassets in Resources */,
				CBBA1AC22996287900B65DF6 /* Main.storyboard in Resources */,
			);
			runOnlyForDeploymentPostprocessing = 0;
		};
		CBBA1ACB2996287B00B65DF6 /* Resources */ = {
			isa = PBXResourcesBuildPhase;
			buildActionMask = 2147483647;
			files = (
			);
			runOnlyForDeploymentPostprocessing = 0;
		};
		CBBA1AD52996287B00B65DF6 /* Resources */ = {
			isa = PBXResourcesBuildPhase;
			buildActionMask = 2147483647;
			files = (
			);
			runOnlyForDeploymentPostprocessing = 0;
		};
/* End PBXResourcesBuildPhase section */

/* Begin PBXSourcesBuildPhase section */
		CBBA1AB32996287900B65DF6 /* Sources */ = {
			isa = PBXSourcesBuildPhase;
			buildActionMask = 2147483647;
			files = (
				CBEBF2B82998175100F5F72D /* CategoryViewController.swift in Sources */,
				CBEBF293299787E800F5F72D /* DataModel.xcdatamodeld in Sources */,
				CBBA1ABF2996287900B65DF6 /* ToDoListViewController.swift in Sources */,
				CBBA1ABB2996287900B65DF6 /* AppDelegate.swift in Sources */,
				CBBA1ABD2996287900B65DF6 /* SceneDelegate.swift in Sources */,
			);
			runOnlyForDeploymentPostprocessing = 0;
		};
		CBBA1AC92996287B00B65DF6 /* Sources */ = {
			isa = PBXSourcesBuildPhase;
			buildActionMask = 2147483647;
			files = (
				CBBA1AD22996287B00B65DF6 /* TodoeyTests.swift in Sources */,
			);
			runOnlyForDeploymentPostprocessing = 0;
		};
		CBBA1AD32996287B00B65DF6 /* Sources */ = {
			isa = PBXSourcesBuildPhase;
			buildActionMask = 2147483647;
			files = (
				CBBA1ADE2996287B00B65DF6 /* TodoeyUITestsLaunchTests.swift in Sources */,
				CBBA1ADC2996287B00B65DF6 /* TodoeyUITests.swift in Sources */,
			);
			runOnlyForDeploymentPostprocessing = 0;
		};
/* End PBXSourcesBuildPhase section */

/* Begin PBXTargetDependency section */
		CBBA1ACF2996287B00B65DF6 /* PBXTargetDependency */ = {
			isa = PBXTargetDependency;
			target = CBBA1AB62996287900B65DF6 /* Todoey */;
			targetProxy = CBBA1ACE2996287B00B65DF6 /* PBXContainerItemProxy */;
		};
		CBBA1AD92996287B00B65DF6 /* PBXTargetDependency */ = {
			isa = PBXTargetDependency;
			target = CBBA1AB62996287900B65DF6 /* Todoey */;
			targetProxy = CBBA1AD82996287B00B65DF6 /* PBXContainerItemProxy */;
		};
/* End PBXTargetDependency section */

/* Begin PBXVariantGroup section */
		CBBA1AC02996287900B65DF6 /* Main.storyboard */ = {
			isa = PBXVariantGroup;
			children = (
				CBBA1AC12996287900B65DF6 /* Base */,
			);
			name = Main.storyboard;
			sourceTree = "<group>";
		};
		CBBA1AC52996287B00B65DF6 /* LaunchScreen.storyboard */ = {
			isa = PBXVariantGroup;
			children = (
				CBBA1AC62996287B00B65DF6 /* Base */,
			);
			name = LaunchScreen.storyboard;
			sourceTree = "<group>";
		};
/* End PBXVariantGroup section */

/* Begin XCBuildConfiguration section */
		CBBA1ADF2996287B00B65DF6 /* Debug */ = {
			isa = XCBuildConfiguration;
			buildSettings = {
				ALWAYS_SEARCH_USER_PATHS = NO;
				CLANG_ANALYZER_NONNULL = YES;
				CLANG_ANALYZER_NUMBER_OBJECT_CONVERSION = YES_AGGRESSIVE;
				CLANG_CXX_LANGUAGE_STANDARD = "gnu++20";
				CLANG_ENABLE_MODULES = YES;
				CLANG_ENABLE_OBJC_ARC = YES;
				CLANG_ENABLE_OBJC_WEAK = YES;
				CLANG_WARN_BLOCK_CAPTURE_AUTORELEASING = YES;
				CLANG_WARN_BOOL_CONVERSION = YES;
				CLANG_WARN_COMMA = YES;
				CLANG_WARN_CONSTANT_CONVERSION = YES;
				CLANG_WARN_DEPRECATED_OBJC_IMPLEMENTATIONS = YES;
				CLANG_WARN_DIRECT_OBJC_ISA_USAGE = YES_ERROR;
				CLANG_WARN_DOCUMENTATION_COMMENTS = YES;
				CLANG_WARN_EMPTY_BODY = YES;
				CLANG_WARN_ENUM_CONVERSION = YES;
				CLANG_WARN_INFINITE_RECURSION = YES;
				CLANG_WARN_INT_CONVERSION = YES;
				CLANG_WARN_NON_LITERAL_NULL_CONVERSION = YES;
				CLANG_WARN_OBJC_IMPLICIT_RETAIN_SELF = YES;
				CLANG_WARN_OBJC_LITERAL_CONVERSION = YES;
				CLANG_WARN_OBJC_ROOT_CLASS = YES_ERROR;
				CLANG_WARN_QUOTED_INCLUDE_IN_FRAMEWORK_HEADER = YES;
				CLANG_WARN_RANGE_LOOP_ANALYSIS = YES;
				CLANG_WARN_STRICT_PROTOTYPES = YES;
				CLANG_WARN_SUSPICIOUS_MOVE = YES;
				CLANG_WARN_UNGUARDED_AVAILABILITY = YES_AGGRESSIVE;
				CLANG_WARN_UNREACHABLE_CODE = YES;
				CLANG_WARN__DUPLICATE_METHOD_MATCH = YES;
				COPY_PHASE_STRIP = NO;
				DEBUG_INFORMATION_FORMAT = dwarf;
				ENABLE_STRICT_OBJC_MSGSEND = YES;
				ENABLE_TESTABILITY = YES;
				GCC_C_LANGUAGE_STANDARD = gnu11;
				GCC_DYNAMIC_NO_PIC = NO;
				GCC_NO_COMMON_BLOCKS = YES;
				GCC_OPTIMIZATION_LEVEL = 0;
				GCC_PREPROCESSOR_DEFINITIONS = (
					"DEBUG=1",
					"$(inherited)",
				);
				GCC_WARN_64_TO_32_BIT_CONVERSION = YES;
				GCC_WARN_ABOUT_RETURN_TYPE = YES_ERROR;
				GCC_WARN_UNDECLARED_SELECTOR = YES;
				GCC_WARN_UNINITIALIZED_AUTOS = YES_AGGRESSIVE;
				GCC_WARN_UNUSED_FUNCTION = YES;
				GCC_WARN_UNUSED_VARIABLE = YES;
				IPHONEOS_DEPLOYMENT_TARGET = 16.2;
				MTL_ENABLE_DEBUG_INFO = INCLUDE_SOURCE;
				MTL_FAST_MATH = YES;
				ONLY_ACTIVE_ARCH = YES;
				SDKROOT = iphoneos;
				SWIFT_ACTIVE_COMPILATION_CONDITIONS = DEBUG;
				SWIFT_OPTIMIZATION_LEVEL = "-Onone";
			};
			name = Debug;
		};
		CBBA1AE02996287B00B65DF6 /* Release */ = {
			isa = XCBuildConfiguration;
			buildSettings = {
				ALWAYS_SEARCH_USER_PATHS = NO;
				CLANG_ANALYZER_NONNULL = YES;
				CLANG_ANALYZER_NUMBER_OBJECT_CONVERSION = YES_AGGRESSIVE;
				CLANG_CXX_LANGUAGE_STANDARD = "gnu++20";
				CLANG_ENABLE_MODULES = YES;
				CLANG_ENABLE_OBJC_ARC = YES;
				CLANG_ENABLE_OBJC_WEAK = YES;
				CLANG_WARN_BLOCK_CAPTURE_AUTORELEASING = YES;
				CLANG_WARN_BOOL_CONVERSION = YES;
				CLANG_WARN_COMMA = YES;
				CLANG_WARN_CONSTANT_CONVERSION = YES;
				CLANG_WARN_DEPRECATED_OBJC_IMPLEMENTATIONS = YES;
				CLANG_WARN_DIRECT_OBJC_ISA_USAGE = YES_ERROR;
				CLANG_WARN_DOCUMENTATION_COMMENTS = YES;
				CLANG_WARN_EMPTY_BODY = YES;
				CLANG_WARN_ENUM_CONVERSION = YES;
				CLANG_WARN_INFINITE_RECURSION = YES;
				CLANG_WARN_INT_CONVERSION = YES;
				CLANG_WARN_NON_LITERAL_NULL_CONVERSION = YES;
				CLANG_WARN_OBJC_IMPLICIT_RETAIN_SELF = YES;
				CLANG_WARN_OBJC_LITERAL_CONVERSION = YES;
				CLANG_WARN_OBJC_ROOT_CLASS = YES_ERROR;
				CLANG_WARN_QUOTED_INCLUDE_IN_FRAMEWORK_HEADER = YES;
				CLANG_WARN_RANGE_LOOP_ANALYSIS = YES;
				CLANG_WARN_STRICT_PROTOTYPES = YES;
				CLANG_WARN_SUSPICIOUS_MOVE = YES;
				CLANG_WARN_UNGUARDED_AVAILABILITY = YES_AGGRESSIVE;
				CLANG_WARN_UNREACHABLE_CODE = YES;
				CLANG_WARN__DUPLICATE_METHOD_MATCH = YES;
				COPY_PHASE_STRIP = NO;
				DEBUG_INFORMATION_FORMAT = "dwarf-with-dsym";
				ENABLE_NS_ASSERTIONS = NO;
				ENABLE_STRICT_OBJC_MSGSEND = YES;
				GCC_C_LANGUAGE_STANDARD = gnu11;
				GCC_NO_COMMON_BLOCKS = YES;
				GCC_WARN_64_TO_32_BIT_CONVERSION = YES;
				GCC_WARN_ABOUT_RETURN_TYPE = YES_ERROR;
				GCC_WARN_UNDECLARED_SELECTOR = YES;
				GCC_WARN_UNINITIALIZED_AUTOS = YES_AGGRESSIVE;
				GCC_WARN_UNUSED_FUNCTION = YES;
				GCC_WARN_UNUSED_VARIABLE = YES;
				IPHONEOS_DEPLOYMENT_TARGET = 16.2;
				MTL_ENABLE_DEBUG_INFO = NO;
				MTL_FAST_MATH = YES;
				SDKROOT = iphoneos;
				SWIFT_COMPILATION_MODE = wholemodule;
				SWIFT_OPTIMIZATION_LEVEL = "-O";
				VALIDATE_PRODUCT = YES;
			};
			name = Release;
		};
		CBBA1AE22996287B00B65DF6 /* Debug */ = {
			isa = XCBuildConfiguration;
			buildSettings = {
				ASSETCATALOG_COMPILER_APPICON_NAME = AppIcon;
				ASSETCATALOG_COMPILER_GLOBAL_ACCENT_COLOR_NAME = AccentColor;
				CODE_SIGN_STYLE = Automatic;
				CURRENT_PROJECT_VERSION = 1;
				DEVELOPMENT_TEAM = Y4JSG638BN;
				GENERATE_INFOPLIST_FILE = YES;
				INFOPLIST_FILE = Todoey/Info.plist;
				INFOPLIST_KEY_UIApplicationSupportsIndirectInputEvents = YES;
				INFOPLIST_KEY_UILaunchStoryboardName = LaunchScreen;
				INFOPLIST_KEY_UIMainStoryboardFile = Main;
				INFOPLIST_KEY_UISupportedInterfaceOrientations = UIInterfaceOrientationPortrait;
				INFOPLIST_KEY_UISupportedInterfaceOrientations_iPad = "UIInterfaceOrientationLandscapeLeft UIInterfaceOrientationLandscapeRight UIInterfaceOrientationPortrait UIInterfaceOrientationPortraitUpsideDown";
				LD_RUNPATH_SEARCH_PATHS = (
					"$(inherited)",
					"@executable_path/Frameworks",
				);
				MARKETING_VERSION = 1.0;
				PRODUCT_BUNDLE_IDENTIFIER = com.Giovanni.Todoey;
				PRODUCT_NAME = "$(TARGET_NAME)";
				SWIFT_EMIT_LOC_STRINGS = YES;
				SWIFT_VERSION = 5.0;
				TARGETED_DEVICE_FAMILY = "1,2";
			};
			name = Debug;
		};
		CBBA1AE32996287B00B65DF6 /* Release */ = {
			isa = XCBuildConfiguration;
			buildSettings = {
				ASSETCATALOG_COMPILER_APPICON_NAME = AppIcon;
				ASSETCATALOG_COMPILER_GLOBAL_ACCENT_COLOR_NAME = AccentColor;
				CODE_SIGN_STYLE = Automatic;
				CURRENT_PROJECT_VERSION = 1;
				DEVELOPMENT_TEAM = Y4JSG638BN;
				GENERATE_INFOPLIST_FILE = YES;
				INFOPLIST_FILE = Todoey/Info.plist;
				INFOPLIST_KEY_UIApplicationSupportsIndirectInputEvents = YES;
				INFOPLIST_KEY_UILaunchStoryboardName = LaunchScreen;
				INFOPLIST_KEY_UIMainStoryboardFile = Main;
				INFOPLIST_KEY_UISupportedInterfaceOrientations = UIInterfaceOrientationPortrait;
				INFOPLIST_KEY_UISupportedInterfaceOrientations_iPad = "UIInterfaceOrientationLandscapeLeft UIInterfaceOrientationLandscapeRight UIInterfaceOrientationPortrait UIInterfaceOrientationPortraitUpsideDown";
				LD_RUNPATH_SEARCH_PATHS = (
					"$(inherited)",
					"@executable_path/Frameworks",
				);
				MARKETING_VERSION = 1.0;
				PRODUCT_BUNDLE_IDENTIFIER = com.Giovanni.Todoey;
				PRODUCT_NAME = "$(TARGET_NAME)";
				SWIFT_EMIT_LOC_STRINGS = YES;
				SWIFT_VERSION = 5.0;
				TARGETED_DEVICE_FAMILY = "1,2";
			};
			name = Release;
		};
		CBBA1AE52996287B00B65DF6 /* Debug */ = {
			isa = XCBuildConfiguration;
			buildSettings = {
				ALWAYS_EMBED_SWIFT_STANDARD_LIBRARIES = YES;
				BUNDLE_LOADER = "$(TEST_HOST)";
				CODE_SIGN_STYLE = Automatic;
				CURRENT_PROJECT_VERSION = 1;
				DEVELOPMENT_TEAM = Y4JSG638BN;
				GENERATE_INFOPLIST_FILE = YES;
				IPHONEOS_DEPLOYMENT_TARGET = 16.2;
				MARKETING_VERSION = 1.0;
				PRODUCT_BUNDLE_IDENTIFIER = com.Giovanni.TodoeyTests;
				PRODUCT_NAME = "$(TARGET_NAME)";
				SWIFT_EMIT_LOC_STRINGS = NO;
				SWIFT_VERSION = 5.0;
				TARGETED_DEVICE_FAMILY = "1,2";
				TEST_HOST = "$(BUILT_PRODUCTS_DIR)/Todoey.app/$(BUNDLE_EXECUTABLE_FOLDER_PATH)/Todoey";
			};
			name = Debug;
		};
		CBBA1AE62996287B00B65DF6 /* Release */ = {
			isa = XCBuildConfiguration;
			buildSettings = {
				ALWAYS_EMBED_SWIFT_STANDARD_LIBRARIES = YES;
				BUNDLE_LOADER = "$(TEST_HOST)";
				CODE_SIGN_STYLE = Automatic;
				CURRENT_PROJECT_VERSION = 1;
				DEVELOPMENT_TEAM = Y4JSG638BN;
				GENERATE_INFOPLIST_FILE = YES;
				IPHONEOS_DEPLOYMENT_TARGET = 16.2;
				MARKETING_VERSION = 1.0;
				PRODUCT_BUNDLE_IDENTIFIER = com.Giovanni.TodoeyTests;
				PRODUCT_NAME = "$(TARGET_NAME)";
				SWIFT_EMIT_LOC_STRINGS = NO;
				SWIFT_VERSION = 5.0;
				TARGETED_DEVICE_FAMILY = "1,2";
				TEST_HOST = "$(BUILT_PRODUCTS_DIR)/Todoey.app/$(BUNDLE_EXECUTABLE_FOLDER_PATH)/Todoey";
			};
			name = Release;
		};
		CBBA1AE82996287B00B65DF6 /* Debug */ = {
			isa = XCBuildConfiguration;
			buildSettings = {
				ALWAYS_EMBED_SWIFT_STANDARD_LIBRARIES = YES;
				CODE_SIGN_STYLE = Automatic;
				CURRENT_PROJECT_VERSION = 1;
				DEVELOPMENT_TEAM = Y4JSG638BN;
				GENERATE_INFOPLIST_FILE = YES;
				MARKETING_VERSION = 1.0;
				PRODUCT_BUNDLE_IDENTIFIER = com.Giovanni.TodoeyUITests;
				PRODUCT_NAME = "$(TARGET_NAME)";
				SWIFT_EMIT_LOC_STRINGS = NO;
				SWIFT_VERSION = 5.0;
				TARGETED_DEVICE_FAMILY = "1,2";
				TEST_TARGET_NAME = Todoey;
			};
			name = Debug;
		};
		CBBA1AE92996287B00B65DF6 /* Release */ = {
			isa = XCBuildConfiguration;
			buildSettings = {
				ALWAYS_EMBED_SWIFT_STANDARD_LIBRARIES = YES;
				CODE_SIGN_STYLE = Automatic;
				CURRENT_PROJECT_VERSION = 1;
				DEVELOPMENT_TEAM = Y4JSG638BN;
				GENERATE_INFOPLIST_FILE = YES;
				MARKETING_VERSION = 1.0;
				PRODUCT_BUNDLE_IDENTIFIER = com.Giovanni.TodoeyUITests;
				PRODUCT_NAME = "$(TARGET_NAME)";
				SWIFT_EMIT_LOC_STRINGS = NO;
				SWIFT_VERSION = 5.0;
				TARGETED_DEVICE_FAMILY = "1,2";
				TEST_TARGET_NAME = Todoey;
			};
			name = Release;
		};
/* End XCBuildConfiguration section */

/* Begin XCConfigurationList section */
		CBBA1AB22996287900B65DF6 /* Build configuration list for PBXProject "Todoey" */ = {
			isa = XCConfigurationList;
			buildConfigurations = (
				CBBA1ADF2996287B00B65DF6 /* Debug */,
				CBBA1AE02996287B00B65DF6 /* Release */,
			);
			defaultConfigurationIsVisible = 0;
			defaultConfigurationName = Release;
		};
		CBBA1AE12996287B00B65DF6 /* Build configuration list for PBXNativeTarget "Todoey" */ = {
			isa = XCConfigurationList;
			buildConfigurations = (
				CBBA1AE22996287B00B65DF6 /* Debug */,
				CBBA1AE32996287B00B65DF6 /* Release */,
			);
			defaultConfigurationIsVisible = 0;
			defaultConfigurationName = Release;
		};
		CBBA1AE42996287B00B65DF6 /* Build configuration list for PBXNativeTarget "TodoeyTests" */ = {
			isa = XCConfigurationList;
			buildConfigurations = (
				CBBA1AE52996287B00B65DF6 /* Debug */,
				CBBA1AE62996287B00B65DF6 /* Release */,
			);
			defaultConfigurationIsVisible = 0;
			defaultConfigurationName = Release;
		};
		CBBA1AE72996287B00B65DF6 /* Build configuration list for PBXNativeTarget "TodoeyUITests" */ = {
			isa = XCConfigurationList;
			buildConfigurations = (
				CBBA1AE82996287B00B65DF6 /* Debug */,
				CBBA1AE92996287B00B65DF6 /* Release */,
			);
			defaultConfigurationIsVisible = 0;
			defaultConfigurationName = Release;
		};
/* End XCConfigurationList section */

/* Begin XCVersionGroup section */
		CBEBF291299787E800F5F72D /* DataModel.xcdatamodeld */ = {
			isa = XCVersionGroup;
			children = (
				CBEBF292299787E800F5F72D /* DataModel.xcdatamodel */,
			);
			currentVersion = CBEBF292299787E800F5F72D /* DataModel.xcdatamodel */;
			path = DataModel.xcdatamodeld;
			sourceTree = "<group>";
			versionGroupType = wrapper.xcdatamodel;
		};
/* End XCVersionGroup section */
	};
	rootObject = CBBA1AAF2996287900B65DF6 /* Project object */;
}
